
Microsoft Visual Studio Solution File, Format Version 12.00
# Visual Studio Version 17
VisualStudioVersion = 17.0.31612.314
MinimumVisualStudioVersion = 10.0.40219.1
Project("{FAE04EC0-301F-11D3-BF4B-00C04F79EFBC}") = "HelloGit", "HelloGit\HelloGit.csproj", "{A91FE1AC-54FF-4CD7-B98E-55180B131847}"
EndProject
Global
	GlobalSection(SolutionConfigurationPlatforms) = preSolution
		Debug|Any CPU = Debug|Any CPU
		Release|Any CPU = Release|Any CPU
	EndGlobalSection
	GlobalSection(ProjectConfigurationPlatforms) = postSolution
		{A91FE1AC-54FF-4CD7-B98E-55180B131847}.Debug|Any CPU.ActiveCfg = Debug|Any CPU
		{A91FE1AC-54FF-4CD7-B98E-55180B131847}.Debug|Any CPU.Build.0 = Debug|Any CPU
		{A91FE1AC-54FF-4CD7-B98E-55180B131847}.Release|Any CPU.ActiveCfg = Release|Any CPU
		{A91FE1AC-54FF-4CD7-B98E-55180B131847}.Release|Any CPU.Build.0 = Release|Any CPU
	EndGlobalSection
	GlobalSection(SolutionProperties) = preSolution
		HideSolutionNode = FALSE
	EndGlobalSection
	GlobalSection(ExtensibilityGlobals) = postSolution
		SolutionGuid = {B71B1C2F-80D4-4F55-9DB5-63FC7B329FFE}
	EndGlobalSection
EndGlobal
